
Microsoft Visual Studio Solution File, Format Version 12.00
Project("{FAE04EC0-301F-11D3-BF4B-00C04F79EFBC}") = "Booking.Domain", "src\Booking.Domain\Booking.Domain.csproj", "{E6DF144D-471B-4498-9F72-4C41BFBD237D}"
EndProject
Project("{FAE04EC0-301F-11D3-BF4B-00C04F79EFBC}") = "Booking.Application", "src\Booking.Application\Booking.Application.csproj", "{C6B00DF2-B311-44EB-90AE-C6BEAA8E979B}"
EndProject
Project("{FAE04EC0-301F-11D3-BF4B-00C04F79EFBC}") = "Booking.Infrastructure", "src\Booking.Infrastructure\Booking.Infrastructure.csproj", "{7EEF2ADF-9CE7-4F3A-ABB9-A0CB3ADD26A8}"
EndProject
Global
	GlobalSection(SolutionConfigurationPlatforms) = preSolution
		Debug|Any CPU = Debug|Any CPU
		Release|Any CPU = Release|Any CPU
	EndGlobalSection
	GlobalSection(ProjectConfigurationPlatforms) = postSolution
		{E6DF144D-471B-4498-9F72-4C41BFBD237D}.Debug|Any CPU.ActiveCfg = Debug|Any CPU
		{E6DF144D-471B-4498-9F72-4C41BFBD237D}.Debug|Any CPU.Build.0 = Debug|Any CPU
		{E6DF144D-471B-4498-9F72-4C41BFBD237D}.Release|Any CPU.ActiveCfg = Release|Any CPU
		{E6DF144D-471B-4498-9F72-4C41BFBD237D}.Release|Any CPU.Build.0 = Release|Any CPU
		{C6B00DF2-B311-44EB-90AE-C6BEAA8E979B}.Debug|Any CPU.ActiveCfg = Debug|Any CPU
		{C6B00DF2-B311-44EB-90AE-C6BEAA8E979B}.Debug|Any CPU.Build.0 = Debug|Any CPU
		{C6B00DF2-B311-44EB-90AE-C6BEAA8E979B}.Release|Any CPU.ActiveCfg = Release|Any CPU
		{C6B00DF2-B311-44EB-90AE-C6BEAA8E979B}.Release|Any CPU.Build.0 = Release|Any CPU
		{7EEF2ADF-9CE7-4F3A-ABB9-A0CB3ADD26A8}.Debug|Any CPU.ActiveCfg = Debug|Any CPU
		{7EEF2ADF-9CE7-4F3A-ABB9-A0CB3ADD26A8}.Debug|Any CPU.Build.0 = Debug|Any CPU
		{7EEF2ADF-9CE7-4F3A-ABB9-A0CB3ADD26A8}.Release|Any CPU.ActiveCfg = Release|Any CPU
		{7EEF2ADF-9CE7-4F3A-ABB9-A0CB3ADD26A8}.Release|Any CPU.Build.0 = Release|Any CPU
	EndGlobalSection
EndGlobal
